// !$*UTF8*$!
{
	archiveVersion = 1;
	classes = {
	};
	objectVersion = 46;
	objects = {

/* Begin PBXBuildFile section */
		9F37A99E1EC312CD00960F54 /* main.m in Sources */ = {isa = PBXBuildFile; fileRef = 9F37A99D1EC312CD00960F54 /* main.m */; };
		9F37A9A11EC312CD00960F54 /* AppDelegate.m in Sources */ = {isa = PBXBuildFile; fileRef = 9F37A9A01EC312CD00960F54 /* AppDelegate.m */; };
		9F37A9A71EC312CD00960F54 /* Main.storyboard in Resources */ = {isa = PBXBuildFile; fileRef = 9F37A9A51EC312CD00960F54 /* Main.storyboard */; };
		9F37A9AA1EC312CD00960F54 /* E_vielas.xcdatamodeld in Sources */ = {isa = PBXBuildFile; fileRef = 9F37A9A81EC312CD00960F54 /* E_vielas.xcdatamodeld */; };
		9F37A9AC1EC312CD00960F54 /* Assets.xcassets in Resources */ = {isa = PBXBuildFile; fileRef = 9F37A9AB1EC312CD00960F54 /* Assets.xcassets */; };
		9F37A9AF1EC312CD00960F54 /* LaunchScreen.storyboard in Resources */ = {isa = PBXBuildFile; fileRef = 9F37A9AD1EC312CD00960F54 /* LaunchScreen.storyboard */; };
		9F63CAC01EC99BF900625903 /* TabBarViewController.m in Sources */ = {isa = PBXBuildFile; fileRef = 9F63CABF1EC99BF900625903 /* TabBarViewController.m */; };
		9FEC5E491ECDBB63005417EE /* LibraryViewController.m in Sources */ = {isa = PBXBuildFile; fileRef = 9FEC5E481ECDBB63005417EE /* LibraryViewController.m */; };
		9FEC5E4C1ED2E116005417EE /* EvielasDetailViewController.m in Sources */ = {isa = PBXBuildFile; fileRef = 9FEC5E4B1ED2E116005417EE /* EvielasDetailViewController.m */; };
		9FEC5E511ED30C27005417EE /* EvielasLibrary.m in Sources */ = {isa = PBXBuildFile; fileRef = 9FEC5E501ED30C27005417EE /* EvielasLibrary.m */; };
		9FEC5E541ED3130C005417EE /* Evielas.m in Sources */ = {isa = PBXBuildFile; fileRef = 9FEC5E531ED3130C005417EE /* Evielas.m */; };
/* End PBXBuildFile section */

/* Begin PBXFileReference section */
		9F37A9991EC312CD00960F54 /* E-vielas.app */ = {isa = PBXFileReference; explicitFileType = wrapper.application; includeInIndex = 0; path = "E-vielas.app"; sourceTree = BUILT_PRODUCTS_DIR; };
		9F37A99D1EC312CD00960F54 /* main.m */ = {isa = PBXFileReference; lastKnownFileType = sourcecode.c.objc; path = main.m; sourceTree = "<group>"; };
		9F37A99F1EC312CD00960F54 /* AppDelegate.h */ = {isa = PBXFileReference; lastKnownFileType = sourcecode.c.h; path = AppDelegate.h; sourceTree = "<group>"; };
		9F37A9A01EC312CD00960F54 /* AppDelegate.m */ = {isa = PBXFileReference; lastKnownFileType = sourcecode.c.objc; path = AppDelegate.m; sourceTree = "<group>"; };
		9F37A9A61EC312CD00960F54 /* Base */ = {isa = PBXFileReference; lastKnownFileType = file.storyboard; name = Base; path = Base.lproj/Main.storyboard; sourceTree = "<group>"; };
		9F37A9A91EC312CD00960F54 /* E_vielas.xcdatamodel */ = {isa = PBXFileReference; lastKnownFileType = wrapper.xcdatamodel; path = E_vielas.xcdatamodel; sourceTree = "<group>"; };
		9F37A9AB1EC312CD00960F54 /* Assets.xcassets */ = {isa = PBXFileReference; lastKnownFileType = folder.assetcatalog; path = Assets.xcassets; sourceTree = "<group>"; };
		9F37A9AE1EC312CD00960F54 /* Base */ = {isa = PBXFileReference; lastKnownFileType = file.storyboard; name = Base; path = Base.lproj/LaunchScreen.storyboard; sourceTree = "<group>"; };
		9F37A9B01EC312CD00960F54 /* Info.plist */ = {isa = PBXFileReference; lastKnownFileType = text.plist.xml; path = Info.plist; sourceTree = "<group>"; };
		9F63CABE1EC99BF900625903 /* TabBarViewController.h */ = {isa = PBXFileReference; fileEncoding = 4; lastKnownFileType = sourcecode.c.h; path = TabBarViewController.h; sourceTree = "<group>"; };
		9F63CABF1EC99BF900625903 /* TabBarViewController.m */ = {isa = PBXFileReference; fileEncoding = 4; lastKnownFileType = sourcecode.c.objc; path = TabBarViewController.m; sourceTree = "<group>"; };
		9FEC5E471ECDBB63005417EE /* LibraryViewController.h */ = {isa = PBXFileReference; fileEncoding = 4; lastKnownFileType = sourcecode.c.h; path = LibraryViewController.h; sourceTree = "<group>"; };
		9FEC5E481ECDBB63005417EE /* LibraryViewController.m */ = {isa = PBXFileReference; fileEncoding = 4; lastKnownFileType = sourcecode.c.objc; path = LibraryViewController.m; sourceTree = "<group>"; };
		9FEC5E4A1ED2E116005417EE /* EvielasDetailViewController.h */ = {isa = PBXFileReference; fileEncoding = 4; lastKnownFileType = sourcecode.c.h; path = EvielasDetailViewController.h; sourceTree = "<group>"; };
		9FEC5E4B1ED2E116005417EE /* EvielasDetailViewController.m */ = {isa = PBXFileReference; fileEncoding = 4; lastKnownFileType = sourcecode.c.objc; path = EvielasDetailViewController.m; sourceTree = "<group>"; };
		9FEC5E4F1ED30C27005417EE /* EvielasLibrary.h */ = {isa = PBXFileReference; fileEncoding = 4; lastKnownFileType = sourcecode.c.h; path = EvielasLibrary.h; sourceTree = "<group>"; };
		9FEC5E501ED30C27005417EE /* EvielasLibrary.m */ = {isa = PBXFileReference; fileEncoding = 4; lastKnownFileType = sourcecode.c.objc; path = EvielasLibrary.m; sourceTree = "<group>"; };
		9FEC5E521ED3130C005417EE /* Evielas.h */ = {isa = PBXFileReference; fileEncoding = 4; lastKnownFileType = sourcecode.c.h; path = Evielas.h; sourceTree = "<group>"; };
		9FEC5E531ED3130C005417EE /* Evielas.m */ = {isa = PBXFileReference; fileEncoding = 4; lastKnownFileType = sourcecode.c.objc; path = Evielas.m; sourceTree = "<group>"; };
/* End PBXFileReference section */

/* Begin PBXFrameworksBuildPhase section */
		9F37A9961EC312CC00960F54 /* Frameworks */ = {
			isa = PBXFrameworksBuildPhase;
			buildActionMask = 2147483647;
			files = (
			);
			runOnlyForDeploymentPostprocessing = 0;
		};
/* End PBXFrameworksBuildPhase section */

/* Begin PBXGroup section */
		9F37A9901EC312CC00960F54 = {
			isa = PBXGroup;
			children = (
				9F37A99B1EC312CD00960F54 /* E-vielas */,
				9F37A99A1EC312CD00960F54 /* Products */,
			);
			sourceTree = "<group>";
		};
		9F37A99A1EC312CD00960F54 /* Products */ = {
			isa = PBXGroup;
			children = (
				9F37A9991EC312CD00960F54 /* E-vielas.app */,
			);
			name = Products;
			sourceTree = "<group>";
		};
		9F37A99B1EC312CD00960F54 /* E-vielas */ = {
			isa = PBXGroup;
			children = (
				9F37A99F1EC312CD00960F54 /* AppDelegate.h */,
				9F37A9A01EC312CD00960F54 /* AppDelegate.m */,
				9F63CABE1EC99BF900625903 /* TabBarViewController.h */,
				9F63CABF1EC99BF900625903 /* TabBarViewController.m */,
				9FEC5E471ECDBB63005417EE /* LibraryViewController.h */,
				9FEC5E481ECDBB63005417EE /* LibraryViewController.m */,
				9FEC5E4A1ED2E116005417EE /* EvielasDetailViewController.h */,
				9FEC5E4B1ED2E116005417EE /* EvielasDetailViewController.m */,
				9FEC5E4F1ED30C27005417EE /* EvielasLibrary.h */,
				9FEC5E501ED30C27005417EE /* EvielasLibrary.m */,
				9FEC5E521ED3130C005417EE /* Evielas.h */,
				9FEC5E531ED3130C005417EE /* Evielas.m */,
				9F37A9A51EC312CD00960F54 /* Main.storyboard */,
				9F37A9AB1EC312CD00960F54 /* Assets.xcassets */,
				9F37A9AD1EC312CD00960F54 /* LaunchScreen.storyboard */,
				9F37A9B01EC312CD00960F54 /* Info.plist */,
				9F37A9A81EC312CD00960F54 /* E_vielas.xcdatamodeld */,
				9F37A99C1EC312CD00960F54 /* Supporting Files */,
			);
			path = "E-vielas";
			sourceTree = "<group>";
		};
		9F37A99C1EC312CD00960F54 /* Supporting Files */ = {
			isa = PBXGroup;
			children = (
				9F37A99D1EC312CD00960F54 /* main.m */,
			);
			name = "Supporting Files";
			sourceTree = "<group>";
		};
/* End PBXGroup section */

/* Begin PBXNativeTarget section */
		9F37A9981EC312CC00960F54 /* E-vielas */ = {
			isa = PBXNativeTarget;
			buildConfigurationList = 9F37A9B31EC312CD00960F54 /* Build configuration list for PBXNativeTarget "E-vielas" */;
			buildPhases = (
				9F37A9951EC312CC00960F54 /* Sources */,
				9F37A9961EC312CC00960F54 /* Frameworks */,
				9F37A9971EC312CC00960F54 /* Resources */,
			);
			buildRules = (
			);
			dependencies = (
			);
			name = "E-vielas";
			productName = "E-vielas";
			productReference = 9F37A9991EC312CD00960F54 /* E-vielas.app */;
			productType = "com.apple.product-type.application";
		};
/* End PBXNativeTarget section */

/* Begin PBXProject section */
		9F37A9911EC312CC00960F54 /* Project object */ = {
			isa = PBXProject;
			attributes = {
				LastUpgradeCheck = 0830;
				ORGANIZATIONNAME = "Aleksandrs Muravjovs";
				TargetAttributes = {
					9F37A9981EC312CC00960F54 = {
						CreatedOnToolsVersion = 8.3.2;
						DevelopmentTeam = L76KH2KAZX;
						ProvisioningStyle = Automatic;
					};
				};
			};
			buildConfigurationList = 9F37A9941EC312CC00960F54 /* Build configuration list for PBXProject "E-vielas" */;
			compatibilityVersion = "Xcode 3.2";
			developmentRegion = English;
			hasScannedForEncodings = 0;
			knownRegions = (
				en,
				Base,
			);
			mainGroup = 9F37A9901EC312CC00960F54;
			productRefGroup = 9F37A99A1EC312CD00960F54 /* Products */;
			projectDirPath = "";
			projectRoot = "";
			targets = (
				9F37A9981EC312CC00960F54 /* E-vielas */,
			);
		};
/* End PBXProject section */

/* Begin PBXResourcesBuildPhase section */
		9F37A9971EC312CC00960F54 /* Resources */ = {
			isa = PBXResourcesBuildPhase;
			buildActionMask = 2147483647;
			files = (
				9F37A9AF1EC312CD00960F54 /* LaunchScreen.storyboard in Resources */,
				9F37A9AC1EC312CD00960F54 /* Assets.xcassets in Resources */,
				9F37A9A71EC312CD00960F54 /* Main.storyboard in Resources */,
			);
			runOnlyForDeploymentPostprocessing = 0;
		};
/* End PBXResourcesBuildPhase section */

/* Begin PBXSourcesBuildPhase section */
		9F37A9951EC312CC00960F54 /* Sources */ = {
			isa = PBXSourcesBuildPhase;
			buildActionMask = 2147483647;
			files = (
				9FEC5E511ED30C27005417EE /* EvielasLibrary.m in Sources */,
				9FEC5E491ECDBB63005417EE /* LibraryViewController.m in Sources */,
				9F63CAC01EC99BF900625903 /* TabBarViewController.m in Sources */,
				9F37A9AA1EC312CD00960F54 /* E_vielas.xcdatamodeld in Sources */,
				9FEC5E4C1ED2E116005417EE /* EvielasDetailViewController.m in Sources */,
				9FEC5E541ED3130C005417EE /* Evielas.m in Sources */,
				9F37A9A11EC312CD00960F54 /* AppDelegate.m in Sources */,
				9F37A99E1EC312CD00960F54 /* main.m in Sources */,
			);
			runOnlyForDeploymentPostprocessing = 0;
		};
/* End PBXSourcesBuildPhase section */

/* Begin PBXVariantGroup section */
		9F37A9A51EC312CD00960F54 /* Main.storyboard */ = {
			isa = PBXVariantGroup;
			children = (
				9F37A9A61EC312CD00960F54 /* Base */,
			);
			name = Main.storyboard;
			sourceTree = "<group>";
		};
		9F37A9AD1EC312CD00960F54 /* LaunchScreen.storyboard */ = {
			isa = PBXVariantGroup;
			children = (
				9F37A9AE1EC312CD00960F54 /* Base */,
			);
			name = LaunchScreen.storyboard;
			sourceTree = "<group>";
		};
/* End PBXVariantGroup section */

/* Begin XCBuildConfiguration section */
		9F37A9B11EC312CD00960F54 /* Debug */ = {
			isa = XCBuildConfiguration;
			buildSettings = {
				ALWAYS_SEARCH_USER_PATHS = NO;
				CLANG_ANALYZER_NONNULL = YES;
				CLANG_ANALYZER_NUMBER_OBJECT_CONVERSION = YES_AGGRESSIVE;
				CLANG_CXX_LANGUAGE_STANDARD = "gnu++0x";
				CLANG_CXX_LIBRARY = "libc++";
				CLANG_ENABLE_MODULES = YES;
				CLANG_ENABLE_OBJC_ARC = YES;
				CLANG_WARN_BOOL_CONVERSION = YES;
				CLANG_WARN_CONSTANT_CONVERSION = YES;
				CLANG_WARN_DIRECT_OBJC_ISA_USAGE = YES_ERROR;
				CLANG_WARN_DOCUMENTATION_COMMENTS = YES;
				CLANG_WARN_EMPTY_BODY = YES;
				CLANG_WARN_ENUM_CONVERSION = YES;
				CLANG_WARN_INFINITE_RECURSION = YES;
				CLANG_WARN_INT_CONVERSION = YES;
				CLANG_WARN_OBJC_ROOT_CLASS = YES_ERROR;
				CLANG_WARN_SUSPICIOUS_MOVE = YES;
				CLANG_WARN_UNREACHABLE_CODE = YES;
				CLANG_WARN__DUPLICATE_METHOD_MATCH = YES;
				"CODE_SIGN_IDENTITY[sdk=iphoneos*]" = "iPhone Developer";
				COPY_PHASE_STRIP = NO;
				DEBUG_INFORMATION_FORMAT = dwarf;
				ENABLE_STRICT_OBJC_MSGSEND = YES;
				ENABLE_TESTABILITY = YES;
				GCC_C_LANGUAGE_STANDARD = gnu99;
				GCC_DYNAMIC_NO_PIC = NO;
				GCC_NO_COMMON_BLOCKS = YES;
				GCC_OPTIMIZATION_LEVEL = 0;
				GCC_PREPROCESSOR_DEFINITIONS = (
					"DEBUG=1",
					"$(inherited)",
				);
				GCC_WARN_64_TO_32_BIT_CONVERSION = YES;
				GCC_WARN_ABOUT_RETURN_TYPE = YES_ERROR;
				GCC_WARN_UNDECLARED_SELECTOR = YES;
				GCC_WARN_UNINITIALIZED_AUTOS = YES_AGGRESSIVE;
				GCC_WARN_UNUSED_FUNCTION = YES;
				GCC_WARN_UNUSED_VARIABLE = YES;
				IPHONEOS_DEPLOYMENT_TARGET = 10.3;
				MTL_ENABLE_DEBUG_INFO = YES;
				ONLY_ACTIVE_ARCH = YES;
				SDKROOT = iphoneos;
			};
			name = Debug;
		};
		9F37A9B21EC312CD00960F54 /* Release */ = {
			isa = XCBuildConfiguration;
			buildSettings = {
				ALWAYS_SEARCH_USER_PATHS = NO;
				CLANG_ANALYZER_NONNULL = YES;
				CLANG_ANALYZER_NUMBER_OBJECT_CONVERSION = YES_AGGRESSIVE;
				CLANG_CXX_LANGUAGE_STANDARD = "gnu++0x";
				CLANG_CXX_LIBRARY = "libc++";
				CLANG_ENABLE_MODULES = YES;
				CLANG_ENABLE_OBJC_ARC = YES;
				CLANG_WARN_BOOL_CONVERSION = YES;
				CLANG_WARN_CONSTANT_CONVERSION = YES;
				CLANG_WARN_DIRECT_OBJC_ISA_USAGE = YES_ERROR;
				CLANG_WARN_DOCUMENTATION_COMMENTS = YES;
				CLANG_WARN_EMPTY_BODY = YES;
				CLANG_WARN_ENUM_CONVERSION = YES;
				CLANG_WARN_INFINITE_RECURSION = YES;
				CLANG_WARN_INT_CONVERSION = YES;
				CLANG_WARN_OBJC_ROOT_CLASS = YES_ERROR;
				CLANG_WARN_SUSPICIOUS_MOVE = YES;
				CLANG_WARN_UNREACHABLE_CODE = YES;
				CLANG_WARN__DUPLICATE_METHOD_MATCH = YES;
				"CODE_SIGN_IDENTITY[sdk=iphoneos*]" = "iPhone Developer";
				COPY_PHASE_STRIP = NO;
				DEBUG_INFORMATION_FORMAT = "dwarf-with-dsym";
				ENABLE_NS_ASSERTIONS = NO;
				ENABLE_STRICT_OBJC_MSGSEND = YES;
				GCC_C_LANGUAGE_STANDARD = gnu99;
				GCC_NO_COMMON_BLOCKS = YES;
				GCC_WARN_64_TO_32_BIT_CONVERSION = YES;
				GCC_WARN_ABOUT_RETURN_TYPE = YES_ERROR;
				GCC_WARN_UNDECLARED_SELECTOR = YES;
				GCC_WARN_UNINITIALIZED_AUTOS = YES_AGGRESSIVE;
				GCC_WARN_UNUSED_FUNCTION = YES;
				GCC_WARN_UNUSED_VARIABLE = YES;
				IPHONEOS_DEPLOYMENT_TARGET = 10.3;
				MTL_ENABLE_DEBUG_INFO = NO;
				SDKROOT = iphoneos;
				VALIDATE_PRODUCT = YES;
			};
			name = Release;
		};
		9F37A9B41EC312CD00960F54 /* Debug */ = {
			isa = XCBuildConfiguration;
			buildSettings = {
				ASSETCATALOG_COMPILER_APPICON_NAME = AppIcon;
				DEVELOPMENT_TEAM = L76KH2KAZX;
				INFOPLIST_FILE = "E-vielas/Info.plist";
				LD_RUNPATH_SEARCH_PATHS = "$(inherited) @executable_path/Frameworks";
				PRODUCT_BUNDLE_IDENTIFIER = "AM.E-vielas";
				PRODUCT_NAME = "$(TARGET_NAME)";
			};
			name = Debug;
		};
		9F37A9B51EC312CD00960F54 /* Release */ = {
			isa = XCBuildConfiguration;
			buildSettings = {
				ASSETCATALOG_COMPILER_APPICON_NAME = AppIcon;
				DEVELOPMENT_TEAM = L76KH2KAZX;
				INFOPLIST_FILE = "E-vielas/Info.plist";
				LD_RUNPATH_SEARCH_PATHS = "$(inherited) @executable_path/Frameworks";
				PRODUCT_BUNDLE_IDENTIFIER = "AM.E-vielas";
				PRODUCT_NAME = "$(TARGET_NAME)";
			};
			name = Release;
		};
/* End XCBuildConfiguration section */

/* Begin XCConfigurationList section */
		9F37A9941EC312CC00960F54 /* Build configuration list for PBXProject "E-vielas" */ = {
			isa = XCConfigurationList;
			buildConfigurations = (
				9F37A9B11EC312CD00960F54 /* Debug */,
				9F37A9B21EC312CD00960F54 /* Release */,
			);
			defaultConfigurationIsVisible = 0;
			defaultConfigurationName = Release;
		};
		9F37A9B31EC312CD00960F54 /* Build configuration list for PBXNativeTarget "E-vielas" */ = {
			isa = XCConfigurationList;
			buildConfigurations = (
				9F37A9B41EC312CD00960F54 /* Debug */,
				9F37A9B51EC312CD00960F54 /* Release */,
			);
			defaultConfigurationIsVisible = 0;
			defaultConfigurationName = Release;
		};
/* End XCConfigurationList section */

/* Begin XCVersionGroup section */
		9F37A9A81EC312CD00960F54 /* E_vielas.xcdatamodeld */ = {
			isa = XCVersionGroup;
			children = (
				9F37A9A91EC312CD00960F54 /* E_vielas.xcdatamodel */,
			);
			currentVersion = 9F37A9A91EC312CD00960F54 /* E_vielas.xcdatamodel */;
			path = E_vielas.xcdatamodeld;
			sourceTree = "<group>";
			versionGroupType = wrapper.xcdatamodel;
		};
/* End XCVersionGroup section */
	};
	rootObject = 9F37A9911EC312CC00960F54 /* Project object */;
}
